// !$*UTF8*$!
{
	archiveVersion = 1;
	classes = {
	};
	objectVersion = 51;
	objects = {

/* Begin PBXBuildFile section */
		6E7C09F4175CE5EDE3CED2D9 /* Pods_LiveFeedMovieDemo.framework in Frameworks */ = {isa = PBXBuildFile; fileRef = 6E575D22C3338E8C5F343CF0 /* Pods_LiveFeedMovieDemo.framework */; };
		70D1A83F26A6CE98009A0CF7 /* SearchViewModel.swift in Sources */ = {isa = PBXBuildFile; fileRef = 70D1A80C26A6CE98009A0CF7 /* SearchViewModel.swift */; };
		70D1A84026A6CE98009A0CF7 /* MovieDetailsViewModel.swift in Sources */ = {isa = PBXBuildFile; fileRef = 70D1A80D26A6CE98009A0CF7 /* MovieDetailsViewModel.swift */; };
		70D1A84126A6CE98009A0CF7 /* MoviesTableViewDataSource.swift in Sources */ = {isa = PBXBuildFile; fileRef = 70D1A80E26A6CE98009A0CF7 /* MoviesTableViewDataSource.swift */; };
		70D1A84226A6CE98009A0CF7 /* MovieNowShowingViewModel.swift in Sources */ = {isa = PBXBuildFile; fileRef = 70D1A80F26A6CE98009A0CF7 /* MovieNowShowingViewModel.swift */; };
		70D1A84326A6CE98009A0CF7 /* SwiftyJSON.swift in Sources */ = {isa = PBXBuildFile; fileRef = 70D1A81126A6CE98009A0CF7 /* SwiftyJSON.swift */; };
		70D1A84426A6CE98009A0CF7 /* APIService.swift in Sources */ = {isa = PBXBuildFile; fileRef = 70D1A81226A6CE98009A0CF7 /* APIService.swift */; };
		70D1A84526A6CE98009A0CF7 /* RestAPIManager.swift in Sources */ = {isa = PBXBuildFile; fileRef = 70D1A81326A6CE98009A0CF7 /* RestAPIManager.swift */; };
		70D1A84726A6CE98009A0CF7 /* Constants.swift in Sources */ = {isa = PBXBuildFile; fileRef = 70D1A81626A6CE98009A0CF7 /* Constants.swift */; };
		70D1A84826A6CE98009A0CF7 /* Environment.swift in Sources */ = {isa = PBXBuildFile; fileRef = 70D1A81726A6CE98009A0CF7 /* Environment.swift */; };
		70D1A84926A6CE98009A0CF7 /* Bindable.swift in Sources */ = {isa = PBXBuildFile; fileRef = 70D1A81826A6CE98009A0CF7 /* Bindable.swift */; };
		70D1A84A26A6CE98009A0CF7 /* Utils.swift in Sources */ = {isa = PBXBuildFile; fileRef = 70D1A81926A6CE98009A0CF7 /* Utils.swift */; };
		70D1A84B26A6CE98009A0CF7 /* ActivityIndicatorViewable.swift in Sources */ = {isa = PBXBuildFile; fileRef = 70D1A81A26A6CE98009A0CF7 /* ActivityIndicatorViewable.swift */; };
		70D1A84C26A6CE98009A0CF7 /* Assets.xcassets in Resources */ = {isa = PBXBuildFile; fileRef = 70D1A81C26A6CE98009A0CF7 /* Assets.xcassets */; };
		70D1A84D26A6CE98009A0CF7 /* LaunchScreen.storyboard in Resources */ = {isa = PBXBuildFile; fileRef = 70D1A81D26A6CE98009A0CF7 /* LaunchScreen.storyboard */; };
		70D1A84E26A6CE98009A0CF7 /* Main.storyboard in Resources */ = {isa = PBXBuildFile; fileRef = 70D1A81F26A6CE98009A0CF7 /* Main.storyboard */; };
		70D1A84F26A6CE98009A0CF7 /* AppDelegate.swift in Sources */ = {isa = PBXBuildFile; fileRef = 70D1A82126A6CE98009A0CF7 /* AppDelegate.swift */; };
		70D1A85026A6CE98009A0CF7 /* SearchMovieResponse.swift in Sources */ = {isa = PBXBuildFile; fileRef = 70D1A82326A6CE98009A0CF7 /* SearchMovieResponse.swift */; };
		70D1A85126A6CE98009A0CF7 /* Movie.swift in Sources */ = {isa = PBXBuildFile; fileRef = 70D1A82426A6CE98009A0CF7 /* Movie.swift */; };
		70D1A85226A6CE98009A0CF7 /* NowShowing.swift in Sources */ = {isa = PBXBuildFile; fileRef = 70D1A82526A6CE98009A0CF7 /* NowShowing.swift */; };
		70D1A85326A6CE98009A0CF7 /* SimilarMovies.swift in Sources */ = {isa = PBXBuildFile; fileRef = 70D1A82626A6CE98009A0CF7 /* SimilarMovies.swift */; };
		70D1A85426A6CE98009A0CF7 /* UIView+Extensions.swift in Sources */ = {isa = PBXBuildFile; fileRef = 70D1A82826A6CE98009A0CF7 /* UIView+Extensions.swift */; };
		70D1A85526A6CE98009A0CF7 /* ExpandableLabel.swift in Sources */ = {isa = PBXBuildFile; fileRef = 70D1A82926A6CE98009A0CF7 /* ExpandableLabel.swift */; };
		70D1A85626A6CE98009A0CF7 /* UIImageView+SDWebImage.swift in Sources */ = {isa = PBXBuildFile; fileRef = 70D1A82A26A6CE98009A0CF7 /* UIImageView+SDWebImage.swift */; };
		70D1A85726A6CE98009A0CF7 /* UIViewController+Navigation.swift in Sources */ = {isa = PBXBuildFile; fileRef = 70D1A82B26A6CE98009A0CF7 /* UIViewController+Navigation.swift */; };
		70D1A85826A6CE98009A0CF7 /* UITableView+Ext.swift in Sources */ = {isa = PBXBuildFile; fileRef = 70D1A82C26A6CE98009A0CF7 /* UITableView+Ext.swift */; };
		70D1A85926A6CE98009A0CF7 /* MovieListVC.swift in Sources */ = {isa = PBXBuildFile; fileRef = 70D1A82E26A6CE98009A0CF7 /* MovieListVC.swift */; };
		70D1A85A26A6CE98009A0CF7 /* MovieDetailsVC.swift in Sources */ = {isa = PBXBuildFile; fileRef = 70D1A82F26A6CE98009A0CF7 /* MovieDetailsVC.swift */; };
		70D1A85B26A6CE98009A0CF7 /* SearchMovieVC.swift in Sources */ = {isa = PBXBuildFile; fileRef = 70D1A83026A6CE98009A0CF7 /* SearchMovieVC.swift */; };
		70D1A85C26A6CE98009A0CF7 /* SimilarMovieListCell.xib in Resources */ = {isa = PBXBuildFile; fileRef = 70D1A83326A6CE98009A0CF7 /* SimilarMovieListCell.xib */; };
		70D1A85D26A6CE98009A0CF7 /* SimilarMovieListCell.swift in Sources */ = {isa = PBXBuildFile; fileRef = 70D1A83426A6CE98009A0CF7 /* SimilarMovieListCell.swift */; };
		70D1A85E26A6CE98009A0CF7 /* SearchMovieCell.swift in Sources */ = {isa = PBXBuildFile; fileRef = 70D1A83626A6CE98009A0CF7 /* SearchMovieCell.swift */; };
		70D1A85F26A6CE98009A0CF7 /* MoviesListCell.xib in Resources */ = {isa = PBXBuildFile; fileRef = 70D1A83726A6CE98009A0CF7 /* MoviesListCell.xib */; };
		70D1A86026A6CE98009A0CF7 /* LoadingCell.xib in Resources */ = {isa = PBXBuildFile; fileRef = 70D1A83826A6CE98009A0CF7 /* LoadingCell.xib */; };
		70D1A86126A6CE98009A0CF7 /* MoviesListCell.swift in Sources */ = {isa = PBXBuildFile; fileRef = 70D1A83926A6CE98009A0CF7 /* MoviesListCell.swift */; };
		70D1A86226A6CE98009A0CF7 /* SearchMovieCell.xib in Resources */ = {isa = PBXBuildFile; fileRef = 70D1A83A26A6CE98009A0CF7 /* SearchMovieCell.xib */; };
		70D1A86326A6CE98009A0CF7 /* EmptyDataCell.swift in Sources */ = {isa = PBXBuildFile; fileRef = 70D1A83B26A6CE98009A0CF7 /* EmptyDataCell.swift */; };
		70D1A86426A6CE98009A0CF7 /* LoadingCell.swift in Sources */ = {isa = PBXBuildFile; fileRef = 70D1A83C26A6CE98009A0CF7 /* LoadingCell.swift */; };
		70D1A86526A6CE98009A0CF7 /* EmptyDataCell.xib in Resources */ = {isa = PBXBuildFile; fileRef = 70D1A83D26A6CE98009A0CF7 /* EmptyDataCell.xib */; };
/* End PBXBuildFile section */

/* Begin PBXFileReference section */
		388A2FEA24755072003E4341 /* LiveFeedMovieDemo.app */ = {isa = PBXFileReference; explicitFileType = wrapper.application; includeInIndex = 0; path = LiveFeedMovieDemo.app; sourceTree = BUILT_PRODUCTS_DIR; };
		495EECBF84A173A7CB8B783E /* Pods-LiveFeedMovieDemo.release.xcconfig */ = {isa = PBXFileReference; includeInIndex = 1; lastKnownFileType = text.xcconfig; name = "Pods-LiveFeedMovieDemo.release.xcconfig"; path = "Target Support Files/Pods-LiveFeedMovieDemo/Pods-LiveFeedMovieDemo.release.xcconfig"; sourceTree = "<group>"; };
		6C31F524274257CA89544A5F /* Pods-MyGlammMovieDemo.release.xcconfig */ = {isa = PBXFileReference; includeInIndex = 1; lastKnownFileType = text.xcconfig; name = "Pods-MyGlammMovieDemo.release.xcconfig"; path = "Target Support Files/Pods-MyGlammMovieDemo/Pods-MyGlammMovieDemo.release.xcconfig"; sourceTree = "<group>"; };
		6D231E3C154A704E7491D6F4 /* Pods-MyGlammMovieDemo.debug.xcconfig */ = {isa = PBXFileReference; includeInIndex = 1; lastKnownFileType = text.xcconfig; name = "Pods-MyGlammMovieDemo.debug.xcconfig"; path = "Target Support Files/Pods-MyGlammMovieDemo/Pods-MyGlammMovieDemo.debug.xcconfig"; sourceTree = "<group>"; };
		6E575D22C3338E8C5F343CF0 /* Pods_LiveFeedMovieDemo.framework */ = {isa = PBXFileReference; explicitFileType = wrapper.framework; includeInIndex = 0; path = Pods_LiveFeedMovieDemo.framework; sourceTree = BUILT_PRODUCTS_DIR; };
		70D1A80C26A6CE98009A0CF7 /* SearchViewModel.swift */ = {isa = PBXFileReference; fileEncoding = 4; lastKnownFileType = sourcecode.swift; path = SearchViewModel.swift; sourceTree = "<group>"; };
		70D1A80D26A6CE98009A0CF7 /* MovieDetailsViewModel.swift */ = {isa = PBXFileReference; fileEncoding = 4; lastKnownFileType = sourcecode.swift; path = MovieDetailsViewModel.swift; sourceTree = "<group>"; };
		70D1A80E26A6CE98009A0CF7 /* MoviesTableViewDataSource.swift */ = {isa = PBXFileReference; fileEncoding = 4; lastKnownFileType = sourcecode.swift; path = MoviesTableViewDataSource.swift; sourceTree = "<group>"; };
		70D1A80F26A6CE98009A0CF7 /* MovieNowShowingViewModel.swift */ = {isa = PBXFileReference; fileEncoding = 4; lastKnownFileType = sourcecode.swift; path = MovieNowShowingViewModel.swift; sourceTree = "<group>"; };
		70D1A81126A6CE98009A0CF7 /* SwiftyJSON.swift */ = {isa = PBXFileReference; fileEncoding = 4; lastKnownFileType = sourcecode.swift; path = SwiftyJSON.swift; sourceTree = "<group>"; };
		70D1A81226A6CE98009A0CF7 /* APIService.swift */ = {isa = PBXFileReference; fileEncoding = 4; lastKnownFileType = sourcecode.swift; path = APIService.swift; sourceTree = "<group>"; };
		70D1A81326A6CE98009A0CF7 /* RestAPIManager.swift */ = {isa = PBXFileReference; fileEncoding = 4; lastKnownFileType = sourcecode.swift; path = RestAPIManager.swift; sourceTree = "<group>"; };
		70D1A81626A6CE98009A0CF7 /* Constants.swift */ = {isa = PBXFileReference; fileEncoding = 4; lastKnownFileType = sourcecode.swift; path = Constants.swift; sourceTree = "<group>"; };
		70D1A81726A6CE98009A0CF7 /* Environment.swift */ = {isa = PBXFileReference; fileEncoding = 4; lastKnownFileType = sourcecode.swift; path = Environment.swift; sourceTree = "<group>"; };
		70D1A81826A6CE98009A0CF7 /* Bindable.swift */ = {isa = PBXFileReference; fileEncoding = 4; lastKnownFileType = sourcecode.swift; path = Bindable.swift; sourceTree = "<group>"; };
		70D1A81926A6CE98009A0CF7 /* Utils.swift */ = {isa = PBXFileReference; fileEncoding = 4; lastKnownFileType = sourcecode.swift; path = Utils.swift; sourceTree = "<group>"; };
		70D1A81A26A6CE98009A0CF7 /* ActivityIndicatorViewable.swift */ = {isa = PBXFileReference; fileEncoding = 4; lastKnownFileType = sourcecode.swift; path = ActivityIndicatorViewable.swift; sourceTree = "<group>"; };
		70D1A81C26A6CE98009A0CF7 /* Assets.xcassets */ = {isa = PBXFileReference; lastKnownFileType = folder.assetcatalog; path = Assets.xcassets; sourceTree = "<group>"; };
		70D1A81E26A6CE98009A0CF7 /* Base */ = {isa = PBXFileReference; lastKnownFileType = file.storyboard; name = Base; path = Base.lproj/LaunchScreen.storyboard; sourceTree = "<group>"; };
		70D1A82026A6CE98009A0CF7 /* Base */ = {isa = PBXFileReference; lastKnownFileType = file.storyboard; name = Base; path = Base.lproj/Main.storyboard; sourceTree = "<group>"; };
		70D1A82126A6CE98009A0CF7 /* AppDelegate.swift */ = {isa = PBXFileReference; fileEncoding = 4; lastKnownFileType = sourcecode.swift; path = AppDelegate.swift; sourceTree = "<group>"; };
		70D1A82326A6CE98009A0CF7 /* SearchMovieResponse.swift */ = {isa = PBXFileReference; fileEncoding = 4; lastKnownFileType = sourcecode.swift; path = SearchMovieResponse.swift; sourceTree = "<group>"; };
		70D1A82426A6CE98009A0CF7 /* Movie.swift */ = {isa = PBXFileReference; fileEncoding = 4; lastKnownFileType = sourcecode.swift; path = Movie.swift; sourceTree = "<group>"; };
		70D1A82526A6CE98009A0CF7 /* NowShowing.swift */ = {isa = PBXFileReference; fileEncoding = 4; lastKnownFileType = sourcecode.swift; path = NowShowing.swift; sourceTree = "<group>"; };
		70D1A82626A6CE98009A0CF7 /* SimilarMovies.swift */ = {isa = PBXFileReference; fileEncoding = 4; lastKnownFileType = sourcecode.swift; path = SimilarMovies.swift; sourceTree = "<group>"; };
		70D1A82826A6CE98009A0CF7 /* UIView+Extensions.swift */ = {isa = PBXFileReference; fileEncoding = 4; lastKnownFileType = sourcecode.swift; path = "UIView+Extensions.swift"; sourceTree = "<group>"; };
		70D1A82926A6CE98009A0CF7 /* ExpandableLabel.swift */ = {isa = PBXFileReference; fileEncoding = 4; lastKnownFileType = sourcecode.swift; path = ExpandableLabel.swift; sourceTree = "<group>"; };
		70D1A82A26A6CE98009A0CF7 /* UIImageView+SDWebImage.swift */ = {isa = PBXFileReference; fileEncoding = 4; lastKnownFileType = sourcecode.swift; path = "UIImageView+SDWebImage.swift"; sourceTree = "<group>"; };
		70D1A82B26A6CE98009A0CF7 /* UIViewController+Navigation.swift */ = {isa = PBXFileReference; fileEncoding = 4; lastKnownFileType = sourcecode.swift; path = "UIViewController+Navigation.swift"; sourceTree = "<group>"; };
		70D1A82C26A6CE98009A0CF7 /* UITableView+Ext.swift */ = {isa = PBXFileReference; fileEncoding = 4; lastKnownFileType = sourcecode.swift; path = "UITableView+Ext.swift"; sourceTree = "<group>"; };
		70D1A82E26A6CE98009A0CF7 /* MovieListVC.swift */ = {isa = PBXFileReference; fileEncoding = 4; lastKnownFileType = sourcecode.swift; path = MovieListVC.swift; sourceTree = "<group>"; };
		70D1A82F26A6CE98009A0CF7 /* MovieDetailsVC.swift */ = {isa = PBXFileReference; fileEncoding = 4; lastKnownFileType = sourcecode.swift; path = MovieDetailsVC.swift; sourceTree = "<group>"; };
		70D1A83026A6CE98009A0CF7 /* SearchMovieVC.swift */ = {isa = PBXFileReference; fileEncoding = 4; lastKnownFileType = sourcecode.swift; path = SearchMovieVC.swift; sourceTree = "<group>"; };
		70D1A83326A6CE98009A0CF7 /* SimilarMovieListCell.xib */ = {isa = PBXFileReference; fileEncoding = 4; lastKnownFileType = file.xib; path = SimilarMovieListCell.xib; sourceTree = "<group>"; };
		70D1A83426A6CE98009A0CF7 /* SimilarMovieListCell.swift */ = {isa = PBXFileReference; fileEncoding = 4; lastKnownFileType = sourcecode.swift; path = SimilarMovieListCell.swift; sourceTree = "<group>"; };
		70D1A83626A6CE98009A0CF7 /* SearchMovieCell.swift */ = {isa = PBXFileReference; fileEncoding = 4; lastKnownFileType = sourcecode.swift; path = SearchMovieCell.swift; sourceTree = "<group>"; };
		70D1A83726A6CE98009A0CF7 /* MoviesListCell.xib */ = {isa = PBXFileReference; fileEncoding = 4; lastKnownFileType = file.xib; path = MoviesListCell.xib; sourceTree = "<group>"; };
		70D1A83826A6CE98009A0CF7 /* LoadingCell.xib */ = {isa = PBXFileReference; fileEncoding = 4; lastKnownFileType = file.xib; path = LoadingCell.xib; sourceTree = "<group>"; };
		70D1A83926A6CE98009A0CF7 /* MoviesListCell.swift */ = {isa = PBXFileReference; fileEncoding = 4; lastKnownFileType = sourcecode.swift; path = MoviesListCell.swift; sourceTree = "<group>"; };
		70D1A83A26A6CE98009A0CF7 /* SearchMovieCell.xib */ = {isa = PBXFileReference; fileEncoding = 4; lastKnownFileType = file.xib; path = SearchMovieCell.xib; sourceTree = "<group>"; };
		70D1A83B26A6CE98009A0CF7 /* EmptyDataCell.swift */ = {isa = PBXFileReference; fileEncoding = 4; lastKnownFileType = sourcecode.swift; path = EmptyDataCell.swift; sourceTree = "<group>"; };
		70D1A83C26A6CE98009A0CF7 /* LoadingCell.swift */ = {isa = PBXFileReference; fileEncoding = 4; lastKnownFileType = sourcecode.swift; path = LoadingCell.swift; sourceTree = "<group>"; };
		70D1A83D26A6CE98009A0CF7 /* EmptyDataCell.xib */ = {isa = PBXFileReference; fileEncoding = 4; lastKnownFileType = file.xib; path = EmptyDataCell.xib; sourceTree = "<group>"; };
		70D1A83E26A6CE98009A0CF7 /* Info.plist */ = {isa = PBXFileReference; fileEncoding = 4; lastKnownFileType = text.plist.xml; path = Info.plist; sourceTree = "<group>"; };
		B9F5065AEF9A4CEB4E49B609 /* Pods-LiveFeedMovieDemo.debug.xcconfig */ = {isa = PBXFileReference; includeInIndex = 1; lastKnownFileType = text.xcconfig; name = "Pods-LiveFeedMovieDemo.debug.xcconfig"; path = "Target Support Files/Pods-LiveFeedMovieDemo/Pods-LiveFeedMovieDemo.debug.xcconfig"; sourceTree = "<group>"; };
/* End PBXFileReference section */

/* Begin PBXFrameworksBuildPhase section */
		388A2FE724755072003E4341 /* Frameworks */ = {
			isa = PBXFrameworksBuildPhase;
			buildActionMask = 2147483647;
			files = (
				6E7C09F4175CE5EDE3CED2D9 /* Pods_LiveFeedMovieDemo.framework in Frameworks */,
			);
			runOnlyForDeploymentPostprocessing = 0;
		};
/* End PBXFrameworksBuildPhase section */

/* Begin PBXGroup section */
		388A2FE124755072003E4341 = {
			isa = PBXGroup;
			children = (
				70D1A80A26A6CE98009A0CF7 /* LiveFeedMovieDemo */,
				388A2FEB24755072003E4341 /* Products */,
				4038A7EF36E23DCA1FEDE0B1 /* Pods */,
				F384640DABBDB2B119106E44 /* Frameworks */,
			);
			sourceTree = "<group>";
		};
		388A2FEB24755072003E4341 /* Products */ = {
			isa = PBXGroup;
			children = (
				388A2FEA24755072003E4341 /* LiveFeedMovieDemo.app */,
			);
			name = Products;
			sourceTree = "<group>";
		};
		4038A7EF36E23DCA1FEDE0B1 /* Pods */ = {
			isa = PBXGroup;
			children = (
				6D231E3C154A704E7491D6F4 /* Pods-MyGlammMovieDemo.debug.xcconfig */,
				6C31F524274257CA89544A5F /* Pods-MyGlammMovieDemo.release.xcconfig */,
				B9F5065AEF9A4CEB4E49B609 /* Pods-LiveFeedMovieDemo.debug.xcconfig */,
				495EECBF84A173A7CB8B783E /* Pods-LiveFeedMovieDemo.release.xcconfig */,
			);
			path = Pods;
			sourceTree = "<group>";
		};
		70D1A80A26A6CE98009A0CF7 /* LiveFeedMovieDemo */ = {
			isa = PBXGroup;
			children = (
				70D1A80B26A6CE98009A0CF7 /* ViewModels */,
				70D1A81026A6CE98009A0CF7 /* Networking */,
				70D1A81526A6CE98009A0CF7 /* Constants */,
				70D1A81B26A6CE98009A0CF7 /* Resources */,
				70D1A82226A6CE98009A0CF7 /* Models */,
				70D1A82726A6CE98009A0CF7 /* Extensions */,
				70D1A82D26A6CE98009A0CF7 /* Controllers */,
				70D1A83126A6CE98009A0CF7 /* Views */,
				70D1A83E26A6CE98009A0CF7 /* Info.plist */,
			);
			path = LiveFeedMovieDemo;
			sourceTree = "<group>";
		};
		70D1A80B26A6CE98009A0CF7 /* ViewModels */ = {
			isa = PBXGroup;
			children = (
				70D1A80C26A6CE98009A0CF7 /* SearchViewModel.swift */,
				70D1A80D26A6CE98009A0CF7 /* MovieDetailsViewModel.swift */,
				70D1A80E26A6CE98009A0CF7 /* MoviesTableViewDataSource.swift */,
				70D1A80F26A6CE98009A0CF7 /* MovieNowShowingViewModel.swift */,
			);
			path = ViewModels;
			sourceTree = "<group>";
		};
		70D1A81026A6CE98009A0CF7 /* Networking */ = {
			isa = PBXGroup;
			children = (
				70D1A81126A6CE98009A0CF7 /* SwiftyJSON.swift */,
				70D1A81226A6CE98009A0CF7 /* APIService.swift */,
				70D1A81326A6CE98009A0CF7 /* RestAPIManager.swift */,
			);
			path = Networking;
			sourceTree = "<group>";
		};
		70D1A81526A6CE98009A0CF7 /* Constants */ = {
			isa = PBXGroup;
			children = (
				70D1A81626A6CE98009A0CF7 /* Constants.swift */,
				70D1A81726A6CE98009A0CF7 /* Environment.swift */,
				70D1A81826A6CE98009A0CF7 /* Bindable.swift */,
				70D1A81926A6CE98009A0CF7 /* Utils.swift */,
				70D1A81A26A6CE98009A0CF7 /* ActivityIndicatorViewable.swift */,
			);
			path = Constants;
			sourceTree = "<group>";
		};
		70D1A81B26A6CE98009A0CF7 /* Resources */ = {
			isa = PBXGroup;
			children = (
				70D1A81C26A6CE98009A0CF7 /* Assets.xcassets */,
				70D1A81D26A6CE98009A0CF7 /* LaunchScreen.storyboard */,
				70D1A81F26A6CE98009A0CF7 /* Main.storyboard */,
				70D1A82126A6CE98009A0CF7 /* AppDelegate.swift */,
			);
			path = Resources;
			sourceTree = "<group>";
		};
		70D1A82226A6CE98009A0CF7 /* Models */ = {
			isa = PBXGroup;
			children = (
				70D1A82326A6CE98009A0CF7 /* SearchMovieResponse.swift */,
				70D1A82426A6CE98009A0CF7 /* Movie.swift */,
				70D1A82526A6CE98009A0CF7 /* NowShowing.swift */,
				70D1A82626A6CE98009A0CF7 /* SimilarMovies.swift */,
			);
			path = Models;
			sourceTree = "<group>";
		};
		70D1A82726A6CE98009A0CF7 /* Extensions */ = {
			isa = PBXGroup;
			children = (
				70D1A82826A6CE98009A0CF7 /* UIView+Extensions.swift */,
				70D1A82926A6CE98009A0CF7 /* ExpandableLabel.swift */,
				70D1A82A26A6CE98009A0CF7 /* UIImageView+SDWebImage.swift */,
				70D1A82B26A6CE98009A0CF7 /* UIViewController+Navigation.swift */,
				70D1A82C26A6CE98009A0CF7 /* UITableView+Ext.swift */,
			);
			path = Extensions;
			sourceTree = "<group>";
		};
		70D1A82D26A6CE98009A0CF7 /* Controllers */ = {
			isa = PBXGroup;
			children = (
				70D1A82E26A6CE98009A0CF7 /* MovieListVC.swift */,
				70D1A82F26A6CE98009A0CF7 /* MovieDetailsVC.swift */,
				70D1A83026A6CE98009A0CF7 /* SearchMovieVC.swift */,
			);
			path = Controllers;
			sourceTree = "<group>";
		};
		70D1A83126A6CE98009A0CF7 /* Views */ = {
			isa = PBXGroup;
			children = (
				70D1A83226A6CE98009A0CF7 /* CollectionViewCell */,
				70D1A83526A6CE98009A0CF7 /* TableViewCells */,
			);
			path = Views;
			sourceTree = "<group>";
		};
		70D1A83226A6CE98009A0CF7 /* CollectionViewCell */ = {
			isa = PBXGroup;
			children = (
				70D1A83326A6CE98009A0CF7 /* SimilarMovieListCell.xib */,
				70D1A83426A6CE98009A0CF7 /* SimilarMovieListCell.swift */,
			);
			path = CollectionViewCell;
			sourceTree = "<group>";
		};
		70D1A83526A6CE98009A0CF7 /* TableViewCells */ = {
			isa = PBXGroup;
			children = (
				70D1A83626A6CE98009A0CF7 /* SearchMovieCell.swift */,
				70D1A83726A6CE98009A0CF7 /* MoviesListCell.xib */,
				70D1A83826A6CE98009A0CF7 /* LoadingCell.xib */,
				70D1A83926A6CE98009A0CF7 /* MoviesListCell.swift */,
				70D1A83A26A6CE98009A0CF7 /* SearchMovieCell.xib */,
				70D1A83B26A6CE98009A0CF7 /* EmptyDataCell.swift */,
				70D1A83C26A6CE98009A0CF7 /* LoadingCell.swift */,
				70D1A83D26A6CE98009A0CF7 /* EmptyDataCell.xib */,
			);
			path = TableViewCells;
			sourceTree = "<group>";
		};
		F384640DABBDB2B119106E44 /* Frameworks */ = {
			isa = PBXGroup;
			children = (
				6E575D22C3338E8C5F343CF0 /* Pods_LiveFeedMovieDemo.framework */,
			);
			name = Frameworks;
			sourceTree = "<group>";
		};
/* End PBXGroup section */

/* Begin PBXNativeTarget section */
		388A2FE924755072003E4341 /* LiveFeedMovieDemo */ = {
			isa = PBXNativeTarget;
			buildConfigurationList = 388A2FFE24755076003E4341 /* Build configuration list for PBXNativeTarget "LiveFeedMovieDemo" */;
			buildPhases = (
				E1D823B7FD50876F82D2E796 /* [CP] Check Pods Manifest.lock */,
				388A2FE624755072003E4341 /* Sources */,
				388A2FE724755072003E4341 /* Frameworks */,
				388A2FE824755072003E4341 /* Resources */,
				588A8ABBFC9527BF31985422 /* [CP] Embed Pods Frameworks */,
			);
			buildRules = (
			);
			dependencies = (
			);
			name = LiveFeedMovieDemo;
			productName = MVVM_New;
			productReference = 388A2FEA24755072003E4341 /* LiveFeedMovieDemo.app */;
			productType = "com.apple.product-type.application";
		};
/* End PBXNativeTarget section */

/* Begin PBXProject section */
		388A2FE224755072003E4341 /* Project object */ = {
			isa = PBXProject;
			attributes = {
				LastSwiftUpdateCheck = 1150;
				LastUpgradeCheck = 1230;
				ORGANIZATIONNAME = "Abhilash Mathur";
				TargetAttributes = {
					388A2FE924755072003E4341 = {
						CreatedOnToolsVersion = 11.5;
					};
				};
			};
			buildConfigurationList = 388A2FE524755072003E4341 /* Build configuration list for PBXProject "LiveFeedMovieDemo" */;
			compatibilityVersion = "Xcode 9.3";
			developmentRegion = en;
			hasScannedForEncodings = 0;
			knownRegions = (
				en,
				Base,
			);
			mainGroup = 388A2FE124755072003E4341;
			productRefGroup = 388A2FEB24755072003E4341 /* Products */;
			projectDirPath = "";
			projectRoot = "";
			targets = (
				388A2FE924755072003E4341 /* LiveFeedMovieDemo */,
			);
		};
/* End PBXProject section */

/* Begin PBXResourcesBuildPhase section */
		388A2FE824755072003E4341 /* Resources */ = {
			isa = PBXResourcesBuildPhase;
			buildActionMask = 2147483647;
			files = (
				70D1A84E26A6CE98009A0CF7 /* Main.storyboard in Resources */,
				70D1A84C26A6CE98009A0CF7 /* Assets.xcassets in Resources */,
				70D1A86226A6CE98009A0CF7 /* SearchMovieCell.xib in Resources */,
				70D1A86526A6CE98009A0CF7 /* EmptyDataCell.xib in Resources */,
				70D1A86026A6CE98009A0CF7 /* LoadingCell.xib in Resources */,
				70D1A85F26A6CE98009A0CF7 /* MoviesListCell.xib in Resources */,
				70D1A85C26A6CE98009A0CF7 /* SimilarMovieListCell.xib in Resources */,
				70D1A84D26A6CE98009A0CF7 /* LaunchScreen.storyboard in Resources */,
			);
			runOnlyForDeploymentPostprocessing = 0;
		};
/* End PBXResourcesBuildPhase section */

/* Begin PBXShellScriptBuildPhase section */
		588A8ABBFC9527BF31985422 /* [CP] Embed Pods Frameworks */ = {
			isa = PBXShellScriptBuildPhase;
			buildActionMask = 2147483647;
			files = (
			);
			inputFileListPaths = (
				"${PODS_ROOT}/Target Support Files/Pods-LiveFeedMovieDemo/Pods-LiveFeedMovieDemo-frameworks-${CONFIGURATION}-input-files.xcfilelist",
			);
			name = "[CP] Embed Pods Frameworks";
			outputFileListPaths = (
				"${PODS_ROOT}/Target Support Files/Pods-LiveFeedMovieDemo/Pods-LiveFeedMovieDemo-frameworks-${CONFIGURATION}-output-files.xcfilelist",
			);
			runOnlyForDeploymentPostprocessing = 0;
			shellPath = /bin/sh;
			shellScript = "\"${PODS_ROOT}/Target Support Files/Pods-LiveFeedMovieDemo/Pods-LiveFeedMovieDemo-frameworks.sh\"\n";
			showEnvVarsInLog = 0;
		};
		E1D823B7FD50876F82D2E796 /* [CP] Check Pods Manifest.lock */ = {
			isa = PBXShellScriptBuildPhase;
			buildActionMask = 2147483647;
			files = (
			);
			inputFileListPaths = (
			);
			inputPaths = (
				"${PODS_PODFILE_DIR_PATH}/Podfile.lock",
				"${PODS_ROOT}/Manifest.lock",
			);
			name = "[CP] Check Pods Manifest.lock";
			outputFileListPaths = (
			);
			outputPaths = (
				"$(DERIVED_FILE_DIR)/Pods-LiveFeedMovieDemo-checkManifestLockResult.txt",
			);
			runOnlyForDeploymentPostprocessing = 0;
			shellPath = /bin/sh;
			shellScript = "diff \"${PODS_PODFILE_DIR_PATH}/Podfile.lock\" \"${PODS_ROOT}/Manifest.lock\" > /dev/null\nif [ $? != 0 ] ; then\n    # print error to STDERR\n    echo \"error: The sandbox is not in sync with the Podfile.lock. Run 'pod install' or update your CocoaPods installation.\" >&2\n    exit 1\nfi\n# This output is used by Xcode 'outputs' to avoid re-running this script phase.\necho \"SUCCESS\" > \"${SCRIPT_OUTPUT_FILE_0}\"\n";
			showEnvVarsInLog = 0;
		};
/* End PBXShellScriptBuildPhase section */

/* Begin PBXSourcesBuildPhase section */
		388A2FE624755072003E4341 /* Sources */ = {
			isa = PBXSourcesBuildPhase;
			buildActionMask = 2147483647;
			files = (
				70D1A85826A6CE98009A0CF7 /* UITableView+Ext.swift in Sources */,
				70D1A84B26A6CE98009A0CF7 /* ActivityIndicatorViewable.swift in Sources */,
				70D1A86426A6CE98009A0CF7 /* LoadingCell.swift in Sources */,
				70D1A84226A6CE98009A0CF7 /* MovieNowShowingViewModel.swift in Sources */,
				70D1A84026A6CE98009A0CF7 /* MovieDetailsViewModel.swift in Sources */,
				70D1A84F26A6CE98009A0CF7 /* AppDelegate.swift in Sources */,
				70D1A83F26A6CE98009A0CF7 /* SearchViewModel.swift in Sources */,
				70D1A85126A6CE98009A0CF7 /* Movie.swift in Sources */,
				70D1A85226A6CE98009A0CF7 /* NowShowing.swift in Sources */,
				70D1A86126A6CE98009A0CF7 /* MoviesListCell.swift in Sources */,
				70D1A85626A6CE98009A0CF7 /* UIImageView+SDWebImage.swift in Sources */,
				70D1A85526A6CE98009A0CF7 /* ExpandableLabel.swift in Sources */,
				70D1A85726A6CE98009A0CF7 /* UIViewController+Navigation.swift in Sources */,
				70D1A86326A6CE98009A0CF7 /* EmptyDataCell.swift in Sources */,
				70D1A84926A6CE98009A0CF7 /* Bindable.swift in Sources */,
				70D1A84326A6CE98009A0CF7 /* SwiftyJSON.swift in Sources */,
				70D1A84526A6CE98009A0CF7 /* RestAPIManager.swift in Sources */,
				70D1A84426A6CE98009A0CF7 /* APIService.swift in Sources */,
				70D1A85426A6CE98009A0CF7 /* UIView+Extensions.swift in Sources */,
				70D1A85B26A6CE98009A0CF7 /* SearchMovieVC.swift in Sources */,
				70D1A85E26A6CE98009A0CF7 /* SearchMovieCell.swift in Sources */,
				70D1A85926A6CE98009A0CF7 /* MovieListVC.swift in Sources */,
				70D1A85326A6CE98009A0CF7 /* SimilarMovies.swift in Sources */,
				70D1A85D26A6CE98009A0CF7 /* SimilarMovieListCell.swift in Sources */,
				70D1A85A26A6CE98009A0CF7 /* MovieDetailsVC.swift in Sources */,
				70D1A84126A6CE98009A0CF7 /* MoviesTableViewDataSource.swift in Sources */,
				70D1A84726A6CE98009A0CF7 /* Constants.swift in Sources */,
				70D1A85026A6CE98009A0CF7 /* SearchMovieResponse.swift in Sources */,
				70D1A84826A6CE98009A0CF7 /* Environment.swift in Sources */,
				70D1A84A26A6CE98009A0CF7 /* Utils.swift in Sources */,
			);
			runOnlyForDeploymentPostprocessing = 0;
		};
/* End PBXSourcesBuildPhase section */

/* Begin PBXVariantGroup section */
		70D1A81D26A6CE98009A0CF7 /* LaunchScreen.storyboard */ = {
			isa = PBXVariantGroup;
			children = (
				70D1A81E26A6CE98009A0CF7 /* Base */,
			);
			name = LaunchScreen.storyboard;
			sourceTree = "<group>";
		};
		70D1A81F26A6CE98009A0CF7 /* Main.storyboard */ = {
			isa = PBXVariantGroup;
			children = (
				70D1A82026A6CE98009A0CF7 /* Base */,
			);
			name = Main.storyboard;
			sourceTree = "<group>";
		};
/* End PBXVariantGroup section */

/* Begin XCBuildConfiguration section */
		388A2FFC24755076003E4341 /* Debug */ = {
			isa = XCBuildConfiguration;
			buildSettings = {
				ALWAYS_SEARCH_USER_PATHS = NO;
				CLANG_ANALYZER_NONNULL = YES;
				CLANG_ANALYZER_NUMBER_OBJECT_CONVERSION = YES_AGGRESSIVE;
				CLANG_CXX_LANGUAGE_STANDARD = "gnu++14";
				CLANG_CXX_LIBRARY = "libc++";
				CLANG_ENABLE_MODULES = YES;
				CLANG_ENABLE_OBJC_ARC = YES;
				CLANG_ENABLE_OBJC_WEAK = YES;
				CLANG_WARN_BLOCK_CAPTURE_AUTORELEASING = YES;
				CLANG_WARN_BOOL_CONVERSION = YES;
				CLANG_WARN_COMMA = YES;
				CLANG_WARN_CONSTANT_CONVERSION = YES;
				CLANG_WARN_DEPRECATED_OBJC_IMPLEMENTATIONS = YES;
				CLANG_WARN_DIRECT_OBJC_ISA_USAGE = YES_ERROR;
				CLANG_WARN_DOCUMENTATION_COMMENTS = YES;
				CLANG_WARN_EMPTY_BODY = YES;
				CLANG_WARN_ENUM_CONVERSION = YES;
				CLANG_WARN_INFINITE_RECURSION = YES;
				CLANG_WARN_INT_CONVERSION = YES;
				CLANG_WARN_NON_LITERAL_NULL_CONVERSION = YES;
				CLANG_WARN_OBJC_IMPLICIT_RETAIN_SELF = YES;
				CLANG_WARN_OBJC_LITERAL_CONVERSION = YES;
				CLANG_WARN_OBJC_ROOT_CLASS = YES_ERROR;
				CLANG_WARN_QUOTED_INCLUDE_IN_FRAMEWORK_HEADER = YES;
				CLANG_WARN_RANGE_LOOP_ANALYSIS = YES;
				CLANG_WARN_STRICT_PROTOTYPES = YES;
				CLANG_WARN_SUSPICIOUS_MOVE = YES;
				CLANG_WARN_UNGUARDED_AVAILABILITY = YES_AGGRESSIVE;
				CLANG_WARN_UNREACHABLE_CODE = YES;
				CLANG_WARN__DUPLICATE_METHOD_MATCH = YES;
				COPY_PHASE_STRIP = NO;
				DEBUG_INFORMATION_FORMAT = dwarf;
				ENABLE_STRICT_OBJC_MSGSEND = YES;
				ENABLE_TESTABILITY = YES;
				GCC_C_LANGUAGE_STANDARD = gnu11;
				GCC_DYNAMIC_NO_PIC = NO;
				GCC_NO_COMMON_BLOCKS = YES;
				GCC_OPTIMIZATION_LEVEL = 0;
				GCC_PREPROCESSOR_DEFINITIONS = (
					"DEBUG=1",
					"$(inherited)",
				);
				GCC_WARN_64_TO_32_BIT_CONVERSION = YES;
				GCC_WARN_ABOUT_RETURN_TYPE = YES_ERROR;
				GCC_WARN_UNDECLARED_SELECTOR = YES;
				GCC_WARN_UNINITIALIZED_AUTOS = YES_AGGRESSIVE;
				GCC_WARN_UNUSED_FUNCTION = YES;
				GCC_WARN_UNUSED_VARIABLE = YES;
				IPHONEOS_DEPLOYMENT_TARGET = 13.5;
				MTL_ENABLE_DEBUG_INFO = INCLUDE_SOURCE;
				MTL_FAST_MATH = YES;
				ONLY_ACTIVE_ARCH = YES;
				SDKROOT = iphoneos;
				SWIFT_ACTIVE_COMPILATION_CONDITIONS = DEBUG;
				SWIFT_OPTIMIZATION_LEVEL = "-Onone";
			};
			name = Debug;
		};
		388A2FFD24755076003E4341 /* Release */ = {
			isa = XCBuildConfiguration;
			buildSettings = {
				ALWAYS_SEARCH_USER_PATHS = NO;
				CLANG_ANALYZER_NONNULL = YES;
				CLANG_ANALYZER_NUMBER_OBJECT_CONVERSION = YES_AGGRESSIVE;
				CLANG_CXX_LANGUAGE_STANDARD = "gnu++14";
				CLANG_CXX_LIBRARY = "libc++";
				CLANG_ENABLE_MODULES = YES;
				CLANG_ENABLE_OBJC_ARC = YES;
				CLANG_ENABLE_OBJC_WEAK = YES;
				CLANG_WARN_BLOCK_CAPTURE_AUTORELEASING = YES;
				CLANG_WARN_BOOL_CONVERSION = YES;
				CLANG_WARN_COMMA = YES;
				CLANG_WARN_CONSTANT_CONVERSION = YES;
				CLANG_WARN_DEPRECATED_OBJC_IMPLEMENTATIONS = YES;
				CLANG_WARN_DIRECT_OBJC_ISA_USAGE = YES_ERROR;
				CLANG_WARN_DOCUMENTATION_COMMENTS = YES;
				CLANG_WARN_EMPTY_BODY = YES;
				CLANG_WARN_ENUM_CONVERSION = YES;
				CLANG_WARN_INFINITE_RECURSION = YES;
				CLANG_WARN_INT_CONVERSION = YES;
				CLANG_WARN_NON_LITERAL_NULL_CONVERSION = YES;
				CLANG_WARN_OBJC_IMPLICIT_RETAIN_SELF = YES;
				CLANG_WARN_OBJC_LITERAL_CONVERSION = YES;
				CLANG_WARN_OBJC_ROOT_CLASS = YES_ERROR;
				CLANG_WARN_QUOTED_INCLUDE_IN_FRAMEWORK_HEADER = YES;
				CLANG_WARN_RANGE_LOOP_ANALYSIS = YES;
				CLANG_WARN_STRICT_PROTOTYPES = YES;
				CLANG_WARN_SUSPICIOUS_MOVE = YES;
				CLANG_WARN_UNGUARDED_AVAILABILITY = YES_AGGRESSIVE;
				CLANG_WARN_UNREACHABLE_CODE = YES;
				CLANG_WARN__DUPLICATE_METHOD_MATCH = YES;
				COPY_PHASE_STRIP = NO;
				DEBUG_INFORMATION_FORMAT = "dwarf-with-dsym";
				ENABLE_NS_ASSERTIONS = NO;
				ENABLE_STRICT_OBJC_MSGSEND = YES;
				GCC_C_LANGUAGE_STANDARD = gnu11;
				GCC_NO_COMMON_BLOCKS = YES;
				GCC_WARN_64_TO_32_BIT_CONVERSION = YES;
				GCC_WARN_ABOUT_RETURN_TYPE = YES_ERROR;
				GCC_WARN_UNDECLARED_SELECTOR = YES;
				GCC_WARN_UNINITIALIZED_AUTOS = YES_AGGRESSIVE;
				GCC_WARN_UNUSED_FUNCTION = YES;
				GCC_WARN_UNUSED_VARIABLE = YES;
				IPHONEOS_DEPLOYMENT_TARGET = 13.5;
				MTL_ENABLE_DEBUG_INFO = NO;
				MTL_FAST_MATH = YES;
				SDKROOT = iphoneos;
				SWIFT_COMPILATION_MODE = wholemodule;
				SWIFT_OPTIMIZATION_LEVEL = "-O";
				VALIDATE_PRODUCT = YES;
			};
			name = Release;
		};
		388A2FFF24755076003E4341 /* Debug */ = {
			isa = XCBuildConfiguration;
			baseConfigurationReference = B9F5065AEF9A4CEB4E49B609 /* Pods-LiveFeedMovieDemo.debug.xcconfig */;
			buildSettings = {
				ASSETCATALOG_COMPILER_APPICON_NAME = AppIcon;
				CODE_SIGN_STYLE = Automatic;
				DEVELOPMENT_TEAM = VS8S9955W6;
				INFOPLIST_FILE = "/Users/kayaan/Documents/New Works/LiveFeedTMDB/LiveFeedMovieDemo/Info.plist";
				IPHONEOS_DEPLOYMENT_TARGET = 11.0;
				LD_RUNPATH_SEARCH_PATHS = (
					"$(inherited)",
					"@executable_path/Frameworks",
				);
				PRODUCT_BUNDLE_IDENTIFIER = livefeed.livefeedmoviedemo;
				PRODUCT_NAME = "$(TARGET_NAME)";
				SWIFT_VERSION = 5.0;
				TARGETED_DEVICE_FAMILY = 1;
			};
			name = Debug;
		};
		388A300024755076003E4341 /* Release */ = {
			isa = XCBuildConfiguration;
			baseConfigurationReference = 495EECBF84A173A7CB8B783E /* Pods-LiveFeedMovieDemo.release.xcconfig */;
			buildSettings = {
				ASSETCATALOG_COMPILER_APPICON_NAME = AppIcon;
				CODE_SIGN_STYLE = Automatic;
				DEVELOPMENT_TEAM = VS8S9955W6;
				INFOPLIST_FILE = "/Users/kayaan/Documents/New Works/LiveFeedTMDB/LiveFeedMovieDemo/Info.plist";
				IPHONEOS_DEPLOYMENT_TARGET = 11.0;
				LD_RUNPATH_SEARCH_PATHS = (
					"$(inherited)",
					"@executable_path/Frameworks",
				);
				PRODUCT_BUNDLE_IDENTIFIER = livefeed.livefeedmoviedemo;
				PRODUCT_NAME = "$(TARGET_NAME)";
				SWIFT_VERSION = 5.0;
				TARGETED_DEVICE_FAMILY = 1;
			};
			name = Release;
		};
/* End XCBuildConfiguration section */

/* Begin XCConfigurationList section */
		388A2FE524755072003E4341 /* Build configuration list for PBXProject "LiveFeedMovieDemo" */ = {
			isa = XCConfigurationList;
			buildConfigurations = (
				388A2FFC24755076003E4341 /* Debug */,
				388A2FFD24755076003E4341 /* Release */,
			);
			defaultConfigurationIsVisible = 0;
			defaultConfigurationName = Release;
		};
		388A2FFE24755076003E4341 /* Build configuration list for PBXNativeTarget "LiveFeedMovieDemo" */ = {
			isa = XCConfigurationList;
			buildConfigurations = (
				388A2FFF24755076003E4341 /* Debug */,
				388A300024755076003E4341 /* Release */,
			);
			defaultConfigurationIsVisible = 0;
			defaultConfigurationName = Release;
		};
/* End XCConfigurationList section */
	};
	rootObject = 388A2FE224755072003E4341 /* Project object */;
}
